
Microsoft Visual Studio Solution File, Format Version 12.00
# Visual Studio 15
VisualStudioVersion = 15.0.27130.2036
MinimumVisualStudioVersion = 10.0.40219.1
Project("{2150E333-8FDC-42A3-9474-1A3956D46DE8}") = "STD", "STD", "{4E02EC03-2A47-4ED8-B92F-E13AAD2C611E}"
EndProject
Project("{2150E333-8FDC-42A3-9474-1A3956D46DE8}") = "PER", "PER", "{04E43E67-A04D-4E31-BA6E-C763DF88A32E}"
EndProject
Project("{2150E333-8FDC-42A3-9474-1A3956D46DE8}") = "ZZZ", "ZZZ", "{9F3657DE-5A0D-41B2-BAD8-29A4D560C060}"
EndProject
Project("{F184B08F-C81C-45F6-A57F-5ABD9991F28F}") = "BOCGSTSC", "BOCGSTSC\BOCGSTSC.vbproj", "{8E695F0F-FC0D-4305-955B-41955146365B}"
EndProject
Project("{F184B08F-C81C-45F6-A57F-5ABD9991F28F}") = "BOORGSOR", "BOORGSOR\BOORGSOR.vbproj", "{7B03A2FB-F802-4B4C-B9FD-180AAA9E914B}"
EndProject
Project("{F184B08F-C81C-45F6-A57F-5ABD9991F28F}") = "BOVEBOLL", "BOVEBOLL\BOVEBOLL.vbproj", "{93F96E51-5A61-42D6-BED7-11BB4040C819}"
EndProject
Project("{F184B08F-C81C-45F6-A57F-5ABD9991F28F}") = "BXORGSOR", "BXORGSOR\BXORGSOR.vbproj", "{893A8D9C-C932-4293-8487-7536383D7194}"
EndProject
Project("{F184B08F-C81C-45F6-A57F-5ABD9991F28F}") = "BUSCUBE", "..\Buscube\BUSCUBE.vbproj", "{14F92825-1FD1-41BE-8B97-1D37CB8C37D4}"
EndProject
Project("{F184B08F-C81C-45F6-A57F-5ABD9991F28F}") = "BNMGDOCU", "..\Bnmgdocu\BNMGDOCU.vbproj", "{1FB88BF9-23DB-4F1F-9A7D-8078A8C9F566}"
EndProject
Project("{F184B08F-C81C-45F6-A57F-5ABD9991F28F}") = "BNORGSOR", "..\Bnorgsor\BNORGSOR.vbproj", "{535178A9-D798-4CBE-BE30-3BCEBDC38CE9}"
EndProject
Project("{F184B08F-C81C-45F6-A57F-5ABD9991F28F}") = "BNVEBOLL", "..\Bnveboll\BNVEBOLL.vbproj", "{600D677B-D412-46FD-BCEE-70C6B326F599}"
EndProject
Project("{F184B08F-C81C-45F6-A57F-5ABD9991F28F}") = "BNCRGSOF", "..\Bncrgsof\BNCRGSOF.vbproj", "{3EB42C91-04DE-469B-9CA9-0260AD1498D0}"
EndProject
Project("{F184B08F-C81C-45F6-A57F-5ABD9991F28F}") = "BNCRGNIC", "..\Bncrgnic\BNCRGNIC.vbproj", "{85F054B3-59B3-497D-9A7F-FE9BADCF0D07}"
EndProject
Project("{F184B08F-C81C-45F6-A57F-5ABD9991F28F}") = "BOCRGSOF", "BOCRGSOF\BOCRGSOF.VBPROJ", "{20D57243-9E95-45F6-B635-76A640F73F94}"
EndProject
Project("{F184B08F-C81C-45F6-A57F-5ABD9991F28F}") = "BNHHMATR", "BNHHVEIC\BNHHMATR.vbproj", "{0278F11F-3151-432B-ACED-BD007FC83024}"
EndProject
Project("{F184B08F-C81C-45F6-A57F-5ABD9991F28F}") = "BNORHLMO", "..\Bnorhlmo\BNORHLMO.vbproj", "{B34FEC05-51BB-46C6-A236-A2D574D133D5}"
EndProject
Project("{F184B08F-C81C-45F6-A57F-5ABD9991F28F}") = "BNHHDORO Fatturazione massiva", "BNHHDORO\BNHHDORO Fatturazione massiva.vbproj", "{42CA9003-4F4B-4D56-B637-4E6F1F10645D}"
EndProject
Project("{F184B08F-C81C-45F6-A57F-5ABD9991F28F}") = "BNHH0045 Duplicazione Scadenze Contratto", "BNHH0045\BNHH0045 Duplicazione Scadenze Contratto.vbproj", "{0B060887-293F-42C2-AD81-9E9A2B80886A}"
EndProject
Project("{F184B08F-C81C-45F6-A57F-5ABD9991F28F}") = "BNHHMMTR", "BNHHMMTR\BNHHMMTR.vbproj", "{558594DF-334A-4BED-B10E-21FDE3FFDCE6}"
EndProject
Global
	GlobalSection(SolutionConfigurationPlatforms) = preSolution
		Debug|Any CPU = Debug|Any CPU
		Debug|x86 = Debug|x86
		Release|Any CPU = Release|Any CPU
		Release|x86 = Release|x86
	EndGlobalSection
	GlobalSection(ProjectConfigurationPlatforms) = postSolution
		{8E695F0F-FC0D-4305-955B-41955146365B}.Debug|Any CPU.ActiveCfg = Debug|x86
		{8E695F0F-FC0D-4305-955B-41955146365B}.Debug|x86.ActiveCfg = Debug|x86
		{8E695F0F-FC0D-4305-955B-41955146365B}.Debug|x86.Build.0 = Debug|x86
		{8E695F0F-FC0D-4305-955B-41955146365B}.Release|Any CPU.ActiveCfg = Release|x86
		{8E695F0F-FC0D-4305-955B-41955146365B}.Release|x86.ActiveCfg = Release|x86
		{8E695F0F-FC0D-4305-955B-41955146365B}.Release|x86.Build.0 = Release|x86
		{7B03A2FB-F802-4B4C-B9FD-180AAA9E914B}.Debug|Any CPU.ActiveCfg = Debug|Any CPU
		{7B03A2FB-F802-4B4C-B9FD-180AAA9E914B}.Debug|Any CPU.Build.0 = Debug|Any CPU
		{7B03A2FB-F802-4B4C-B9FD-180AAA9E914B}.Debug|x86.ActiveCfg = Debug|Any CPU
		{7B03A2FB-F802-4B4C-B9FD-180AAA9E914B}.Debug|x86.Build.0 = Debug|Any CPU
		{7B03A2FB-F802-4B4C-B9FD-180AAA9E914B}.Release|Any CPU.ActiveCfg = Release|x86
		{7B03A2FB-F802-4B4C-B9FD-180AAA9E914B}.Release|x86.ActiveCfg = Release|x86
		{7B03A2FB-F802-4B4C-B9FD-180AAA9E914B}.Release|x86.Build.0 = Release|x86
		{93F96E51-5A61-42D6-BED7-11BB4040C819}.Debug|Any CPU.ActiveCfg = Debug|Any CPU
		{93F96E51-5A61-42D6-BED7-11BB4040C819}.Debug|Any CPU.Build.0 = Debug|Any CPU
		{93F96E51-5A61-42D6-BED7-11BB4040C819}.Debug|x86.ActiveCfg = Debug|Any CPU
		{93F96E51-5A61-42D6-BED7-11BB4040C819}.Debug|x86.Build.0 = Debug|Any CPU
		{93F96E51-5A61-42D6-BED7-11BB4040C819}.Release|Any CPU.ActiveCfg = Release|Any CPU
		{93F96E51-5A61-42D6-BED7-11BB4040C819}.Release|Any CPU.Build.0 = Release|Any CPU
		{93F96E51-5A61-42D6-BED7-11BB4040C819}.Release|x86.ActiveCfg = Release|Any CPU
		{93F96E51-5A61-42D6-BED7-11BB4040C819}.Release|x86.Build.0 = Release|Any CPU
		{893A8D9C-C932-4293-8487-7536383D7194}.Debug|Any CPU.ActiveCfg = Debug|Any CPU
		{893A8D9C-C932-4293-8487-7536383D7194}.Debug|Any CPU.Build.0 = Debug|Any CPU
		{893A8D9C-C932-4293-8487-7536383D7194}.Debug|x86.ActiveCfg = Debug|Any CPU
		{893A8D9C-C932-4293-8487-7536383D7194}.Debug|x86.Build.0 = Debug|Any CPU
		{893A8D9C-C932-4293-8487-7536383D7194}.Release|Any CPU.ActiveCfg = Release|Any CPU
		{893A8D9C-C932-4293-8487-7536383D7194}.Release|Any CPU.Build.0 = Release|Any CPU
		{893A8D9C-C932-4293-8487-7536383D7194}.Release|x86.ActiveCfg = Release|Any CPU
		{893A8D9C-C932-4293-8487-7536383D7194}.Release|x86.Build.0 = Release|Any CPU
		{14F92825-1FD1-41BE-8B97-1D37CB8C37D4}.Debug|Any CPU.ActiveCfg = Debug|Any CPU
		{14F92825-1FD1-41BE-8B97-1D37CB8C37D4}.Debug|Any CPU.Build.0 = Debug|Any CPU
		{14F92825-1FD1-41BE-8B97-1D37CB8C37D4}.Debug|x86.ActiveCfg = Debug|Any CPU
		{14F92825-1FD1-41BE-8B97-1D37CB8C37D4}.Debug|x86.Build.0 = Debug|Any CPU
		{14F92825-1FD1-41BE-8B97-1D37CB8C37D4}.Release|Any CPU.ActiveCfg = Release|Any CPU
		{14F92825-1FD1-41BE-8B97-1D37CB8C37D4}.Release|Any CPU.Build.0 = Release|Any CPU
		{14F92825-1FD1-41BE-8B97-1D37CB8C37D4}.Release|x86.ActiveCfg = Release|Any CPU
		{14F92825-1FD1-41BE-8B97-1D37CB8C37D4}.Release|x86.Build.0 = Release|Any CPU
		{1FB88BF9-23DB-4F1F-9A7D-8078A8C9F566}.Debug|Any CPU.ActiveCfg = Debug|Any CPU
		{1FB88BF9-23DB-4F1F-9A7D-8078A8C9F566}.Debug|Any CPU.Build.0 = Debug|Any CPU
		{1FB88BF9-23DB-4F1F-9A7D-8078A8C9F566}.Debug|x86.ActiveCfg = Debug|Any CPU
		{1FB88BF9-23DB-4F1F-9A7D-8078A8C9F566}.Debug|x86.Build.0 = Debug|Any CPU
		{1FB88BF9-23DB-4F1F-9A7D-8078A8C9F566}.Release|Any CPU.ActiveCfg = Release|Any CPU
		{1FB88BF9-23DB-4F1F-9A7D-8078A8C9F566}.Release|Any CPU.Build.0 = Release|Any CPU
		{1FB88BF9-23DB-4F1F-9A7D-8078A8C9F566}.Release|x86.ActiveCfg = Release|Any CPU
		{1FB88BF9-23DB-4F1F-9A7D-8078A8C9F566}.Release|x86.Build.0 = Release|Any CPU
		{535178A9-D798-4CBE-BE30-3BCEBDC38CE9}.Debug|Any CPU.ActiveCfg = Debug|Any CPU
		{535178A9-D798-4CBE-BE30-3BCEBDC38CE9}.Debug|Any CPU.Build.0 = Debug|Any CPU
		{535178A9-D798-4CBE-BE30-3BCEBDC38CE9}.Debug|x86.ActiveCfg = Debug|Any CPU
		{535178A9-D798-4CBE-BE30-3BCEBDC38CE9}.Debug|x86.Build.0 = Debug|Any CPU
		{535178A9-D798-4CBE-BE30-3BCEBDC38CE9}.Release|Any CPU.ActiveCfg = Release|Any CPU
		{535178A9-D798-4CBE-BE30-3BCEBDC38CE9}.Release|Any CPU.Build.0 = Release|Any CPU
		{535178A9-D798-4CBE-BE30-3BCEBDC38CE9}.Release|x86.ActiveCfg = Release|Any CPU
		{535178A9-D798-4CBE-BE30-3BCEBDC38CE9}.Release|x86.Build.0 = Release|Any CPU
		{600D677B-D412-46FD-BCEE-70C6B326F599}.Debug|Any CPU.ActiveCfg = Debug|Any CPU
		{600D677B-D412-46FD-BCEE-70C6B326F599}.Debug|Any CPU.Build.0 = Debug|Any CPU
		{600D677B-D412-46FD-BCEE-70C6B326F599}.Debug|x86.ActiveCfg = Debug|Any CPU
		{600D677B-D412-46FD-BCEE-70C6B326F599}.Debug|x86.Build.0 = Debug|Any CPU
		{600D677B-D412-46FD-BCEE-70C6B326F599}.Release|Any CPU.ActiveCfg = Release|Any CPU
		{600D677B-D412-46FD-BCEE-70C6B326F599}.Release|Any CPU.Build.0 = Release|Any CPU
		{600D677B-D412-46FD-BCEE-70C6B326F599}.Release|x86.ActiveCfg = Release|Any CPU
		{600D677B-D412-46FD-BCEE-70C6B326F599}.Release|x86.Build.0 = Release|Any CPU
		{3EB42C91-04DE-469B-9CA9-0260AD1498D0}.Debug|Any CPU.ActiveCfg = Debug|Any CPU
		{3EB42C91-04DE-469B-9CA9-0260AD1498D0}.Debug|Any CPU.Build.0 = Debug|Any CPU
		{3EB42C91-04DE-469B-9CA9-0260AD1498D0}.Debug|x86.ActiveCfg = Debug|Any CPU
		{3EB42C91-04DE-469B-9CA9-0260AD1498D0}.Debug|x86.Build.0 = Debug|Any CPU
		{3EB42C91-04DE-469B-9CA9-0260AD1498D0}.Release|Any CPU.ActiveCfg = Release|Any CPU
		{3EB42C91-04DE-469B-9CA9-0260AD1498D0}.Release|Any CPU.Build.0 = Release|Any CPU
		{3EB42C91-04DE-469B-9CA9-0260AD1498D0}.Release|x86.ActiveCfg = Release|Any CPU
		{3EB42C91-04DE-469B-9CA9-0260AD1498D0}.Release|x86.Build.0 = Release|Any CPU
		{85F054B3-59B3-497D-9A7F-FE9BADCF0D07}.Debug|Any CPU.ActiveCfg = Debug|Any CPU
		{85F054B3-59B3-497D-9A7F-FE9BADCF0D07}.Debug|Any CPU.Build.0 = Debug|Any CPU
		{85F054B3-59B3-497D-9A7F-FE9BADCF0D07}.Debug|x86.ActiveCfg = Debug|Any CPU
		{85F054B3-59B3-497D-9A7F-FE9BADCF0D07}.Debug|x86.Build.0 = Debug|Any CPU
		{85F054B3-59B3-497D-9A7F-FE9BADCF0D07}.Release|Any CPU.ActiveCfg = Release|Any CPU
		{85F054B3-59B3-497D-9A7F-FE9BADCF0D07}.Release|Any CPU.Build.0 = Release|Any CPU
		{85F054B3-59B3-497D-9A7F-FE9BADCF0D07}.Release|x86.ActiveCfg = Release|Any CPU
		{85F054B3-59B3-497D-9A7F-FE9BADCF0D07}.Release|x86.Build.0 = Release|Any CPU
		{20D57243-9E95-45F6-B635-76A640F73F94}.Debug|Any CPU.ActiveCfg = Debug|Any CPU
		{20D57243-9E95-45F6-B635-76A640F73F94}.Debug|Any CPU.Build.0 = Debug|Any CPU
		{20D57243-9E95-45F6-B635-76A640F73F94}.Debug|x86.ActiveCfg = Debug|Any CPU
		{20D57243-9E95-45F6-B635-76A640F73F94}.Debug|x86.Build.0 = Debug|Any CPU
		{20D57243-9E95-45F6-B635-76A640F73F94}.Release|Any CPU.ActiveCfg = Release|Any CPU
		{20D57243-9E95-45F6-B635-76A640F73F94}.Release|Any CPU.Build.0 = Release|Any CPU
		{20D57243-9E95-45F6-B635-76A640F73F94}.Release|x86.ActiveCfg = Release|Any CPU
		{20D57243-9E95-45F6-B635-76A640F73F94}.Release|x86.Build.0 = Release|Any CPU
		{0278F11F-3151-432B-ACED-BD007FC83024}.Debug|Any CPU.ActiveCfg = Debug|Any CPU
		{0278F11F-3151-432B-ACED-BD007FC83024}.Debug|Any CPU.Build.0 = Debug|Any CPU
		{0278F11F-3151-432B-ACED-BD007FC83024}.Debug|x86.ActiveCfg = Debug|x86
		{0278F11F-3151-432B-ACED-BD007FC83024}.Debug|x86.Build.0 = Debug|x86
		{0278F11F-3151-432B-ACED-BD007FC83024}.Release|Any CPU.ActiveCfg = Release|Any CPU
		{0278F11F-3151-432B-ACED-BD007FC83024}.Release|Any CPU.Build.0 = Release|Any CPU
		{0278F11F-3151-432B-ACED-BD007FC83024}.Release|x86.ActiveCfg = Release|x86
		{0278F11F-3151-432B-ACED-BD007FC83024}.Release|x86.Build.0 = Release|x86
		{B34FEC05-51BB-46C6-A236-A2D574D133D5}.Debug|Any CPU.ActiveCfg = Debug|Any CPU
		{B34FEC05-51BB-46C6-A236-A2D574D133D5}.Debug|Any CPU.Build.0 = Debug|Any CPU
		{B34FEC05-51BB-46C6-A236-A2D574D133D5}.Debug|x86.ActiveCfg = Debug|Any CPU
		{B34FEC05-51BB-46C6-A236-A2D574D133D5}.Debug|x86.Build.0 = Debug|Any CPU
		{B34FEC05-51BB-46C6-A236-A2D574D133D5}.Release|Any CPU.ActiveCfg = Release|Any CPU
		{B34FEC05-51BB-46C6-A236-A2D574D133D5}.Release|Any CPU.Build.0 = Release|Any CPU
		{B34FEC05-51BB-46C6-A236-A2D574D133D5}.Release|x86.ActiveCfg = Release|Any CPU
		{B34FEC05-51BB-46C6-A236-A2D574D133D5}.Release|x86.Build.0 = Release|Any CPU
		{42CA9003-4F4B-4D56-B637-4E6F1F10645D}.Debug|Any CPU.ActiveCfg = Debug|Any CPU
		{42CA9003-4F4B-4D56-B637-4E6F1F10645D}.Debug|Any CPU.Build.0 = Debug|Any CPU
		{42CA9003-4F4B-4D56-B637-4E6F1F10645D}.Debug|x86.ActiveCfg = Debug|x86
		{42CA9003-4F4B-4D56-B637-4E6F1F10645D}.Debug|x86.Build.0 = Debug|x86
		{42CA9003-4F4B-4D56-B637-4E6F1F10645D}.Release|Any CPU.ActiveCfg = Release|Any CPU
		{42CA9003-4F4B-4D56-B637-4E6F1F10645D}.Release|Any CPU.Build.0 = Release|Any CPU
		{42CA9003-4F4B-4D56-B637-4E6F1F10645D}.Release|x86.ActiveCfg = Release|x86
		{42CA9003-4F4B-4D56-B637-4E6F1F10645D}.Release|x86.Build.0 = Release|x86
		{0B060887-293F-42C2-AD81-9E9A2B80886A}.Debug|Any CPU.ActiveCfg = Debug|Any CPU
		{0B060887-293F-42C2-AD81-9E9A2B80886A}.Debug|Any CPU.Build.0 = Debug|Any CPU
		{0B060887-293F-42C2-AD81-9E9A2B80886A}.Debug|x86.ActiveCfg = Debug|Any CPU
		{0B060887-293F-42C2-AD81-9E9A2B80886A}.Debug|x86.Build.0 = Debug|Any CPU
		{0B060887-293F-42C2-AD81-9E9A2B80886A}.Release|Any CPU.ActiveCfg = Release|Any CPU
		{0B060887-293F-42C2-AD81-9E9A2B80886A}.Release|Any CPU.Build.0 = Release|Any CPU
		{0B060887-293F-42C2-AD81-9E9A2B80886A}.Release|x86.ActiveCfg = Release|Any CPU
		{0B060887-293F-42C2-AD81-9E9A2B80886A}.Release|x86.Build.0 = Release|Any CPU
		{558594DF-334A-4BED-B10E-21FDE3FFDCE6}.Debug|Any CPU.ActiveCfg = Debug|Any CPU
		{558594DF-334A-4BED-B10E-21FDE3FFDCE6}.Debug|Any CPU.Build.0 = Debug|Any CPU
		{558594DF-334A-4BED-B10E-21FDE3FFDCE6}.Debug|x86.ActiveCfg = Debug|x86
		{558594DF-334A-4BED-B10E-21FDE3FFDCE6}.Debug|x86.Build.0 = Debug|x86
		{558594DF-334A-4BED-B10E-21FDE3FFDCE6}.Release|Any CPU.ActiveCfg = Release|Any CPU
		{558594DF-334A-4BED-B10E-21FDE3FFDCE6}.Release|Any CPU.Build.0 = Release|Any CPU
		{558594DF-334A-4BED-B10E-21FDE3FFDCE6}.Release|x86.ActiveCfg = Release|x86
		{558594DF-334A-4BED-B10E-21FDE3FFDCE6}.Release|x86.Build.0 = Release|x86
	EndGlobalSection
	GlobalSection(SolutionProperties) = preSolution
		HideSolutionNode = FALSE
	EndGlobalSection
	GlobalSection(NestedProjects) = preSolution
		{8E695F0F-FC0D-4305-955B-41955146365B} = {04E43E67-A04D-4E31-BA6E-C763DF88A32E}
		{7B03A2FB-F802-4B4C-B9FD-180AAA9E914B} = {04E43E67-A04D-4E31-BA6E-C763DF88A32E}
		{93F96E51-5A61-42D6-BED7-11BB4040C819} = {04E43E67-A04D-4E31-BA6E-C763DF88A32E}
		{893A8D9C-C932-4293-8487-7536383D7194} = {04E43E67-A04D-4E31-BA6E-C763DF88A32E}
		{14F92825-1FD1-41BE-8B97-1D37CB8C37D4} = {9F3657DE-5A0D-41B2-BAD8-29A4D560C060}
		{1FB88BF9-23DB-4F1F-9A7D-8078A8C9F566} = {4E02EC03-2A47-4ED8-B92F-E13AAD2C611E}
		{535178A9-D798-4CBE-BE30-3BCEBDC38CE9} = {4E02EC03-2A47-4ED8-B92F-E13AAD2C611E}
		{600D677B-D412-46FD-BCEE-70C6B326F599} = {4E02EC03-2A47-4ED8-B92F-E13AAD2C611E}
		{3EB42C91-04DE-469B-9CA9-0260AD1498D0} = {4E02EC03-2A47-4ED8-B92F-E13AAD2C611E}
		{85F054B3-59B3-497D-9A7F-FE9BADCF0D07} = {4E02EC03-2A47-4ED8-B92F-E13AAD2C611E}
		{20D57243-9E95-45F6-B635-76A640F73F94} = {04E43E67-A04D-4E31-BA6E-C763DF88A32E}
		{0278F11F-3151-432B-ACED-BD007FC83024} = {04E43E67-A04D-4E31-BA6E-C763DF88A32E}
		{B34FEC05-51BB-46C6-A236-A2D574D133D5} = {4E02EC03-2A47-4ED8-B92F-E13AAD2C611E}
		{42CA9003-4F4B-4D56-B637-4E6F1F10645D} = {04E43E67-A04D-4E31-BA6E-C763DF88A32E}
		{0B060887-293F-42C2-AD81-9E9A2B80886A} = {04E43E67-A04D-4E31-BA6E-C763DF88A32E}
		{558594DF-334A-4BED-B10E-21FDE3FFDCE6} = {04E43E67-A04D-4E31-BA6E-C763DF88A32E}
	EndGlobalSection
	GlobalSection(ExtensibilityGlobals) = postSolution
		SolutionGuid = {CDEA65EE-C5B4-4109-AE28-741FCCE13291}
	EndGlobalSection
EndGlobal
